
Microsoft Visual Studio Solution File, Format Version 12.00
# Visual Studio Version 17
VisualStudioVersion = 17.8.34316.72
MinimumVisualStudioVersion = 10.0.40219.1
Project("{FAE04EC0-301F-11D3-BF4B-00C04F79EFBC}") = "ClinicalScheduling", "ClinicalScheduling.csproj", "{8C05C4F7-FE81-479F-87A0-44E04C7F6E0F}"
EndProject
Project("{FAE04EC0-301F-11D3-BF4B-00C04F79EFBC}") = "BMXNet", "..\..\..\BMX\bmx_0200scr\BMX2\BMXNet\BMXNet.csproj", "{DE8E4CC9-4F3A-4E32-8DFE-EE5692E8FC45}"
EndProject
Global
	GlobalSection(SolutionConfigurationPlatforms) = preSolution
		Debug|Any CPU = Debug|Any CPU
		Release|Any CPU = Release|Any CPU
	EndGlobalSection
	GlobalSection(ProjectConfigurationPlatforms) = postSolution
		{8C05C4F7-FE81-479F-87A0-44E04C7F6E0F}.Debug|Any CPU.ActiveCfg = Debug|Any CPU
		{8C05C4F7-FE81-479F-87A0-44E04C7F6E0F}.Debug|Any CPU.Build.0 = Debug|Any CPU
		{8C05C4F7-FE81-479F-87A0-44E04C7F6E0F}.Release|Any CPU.ActiveCfg = Release|Any CPU
		{8C05C4F7-FE81-479F-87A0-44E04C7F6E0F}.Release|Any CPU.Build.0 = Release|Any CPU
		{DE8E4CC9-4F3A-4E32-8DFE-EE5692E8FC45}.Debug|Any CPU.ActiveCfg = Debug|Any CPU
		{DE8E4CC9-4F3A-4E32-8DFE-EE5692E8FC45}.Debug|Any CPU.Build.0 = Debug|Any CPU
		{DE8E4CC9-4F3A-4E32-8DFE-EE5692E8FC45}.Release|Any CPU.ActiveCfg = Release|Any CPU
		{DE8E4CC9-4F3A-4E32-8DFE-EE5692E8FC45}.Release|Any CPU.Build.0 = Release|Any CPU
	EndGlobalSection
	GlobalSection(SolutionProperties) = preSolution
		HideSolutionNode = FALSE
	EndGlobalSection
	GlobalSection(ExtensibilityGlobals) = postSolution
		SolutionGuid = {AC50C76A-F0CA-4368-AF95-C71E8570013B}
	EndGlobalSection
EndGlobal
